
Microsoft Visual Studio Solution File, Format Version 12.00
# Visual Studio 15
VisualStudioVersion = 15.0.28307.572
MinimumVisualStudioVersion = 10.0.40219.1
Project("{FAE04EC0-301F-11D3-BF4B-00C04F79EFBC}") = "Demo.Xss.MVC", "Demo.Xss.MVC\Demo.Xss.MVC.csproj", "{4955208C-9436-4EEF-BE1B-EEE91E50469C}"
EndProject
Project("{FAE04EC0-301F-11D3-BF4B-00C04F79EFBC}") = "Demo.Xss.Webforms", "Demo.Xss.Webforms\Demo.Xss.Webforms.csproj", "{14252F2A-C418-4679-B643-353DC2992480}"
EndProject
Project("{FAE04EC0-301F-11D3-BF4B-00C04F79EFBC}") = "Demo.Xss.Core.MVC", "Demo.Xss.Core.MVC\Demo.Xss.Core.MVC.csproj", "{8147151B-E641-45C2-8BA9-D1657BD02DAD}"
EndProject
Global
	GlobalSection(SolutionConfigurationPlatforms) = preSolution
		Debug|Any CPU = Debug|Any CPU
		Release|Any CPU = Release|Any CPU
	EndGlobalSection
	GlobalSection(ProjectConfigurationPlatforms) = postSolution
		{4955208C-9436-4EEF-BE1B-EEE91E50469C}.Debug|Any CPU.ActiveCfg = Debug|Any CPU
		{4955208C-9436-4EEF-BE1B-EEE91E50469C}.Debug|Any CPU.Build.0 = Debug|Any CPU
		{4955208C-9436-4EEF-BE1B-EEE91E50469C}.Release|Any CPU.ActiveCfg = Release|Any CPU
		{4955208C-9436-4EEF-BE1B-EEE91E50469C}.Release|Any CPU.Build.0 = Release|Any CPU
		{14252F2A-C418-4679-B643-353DC2992480}.Debug|Any CPU.ActiveCfg = Debug|Any CPU
		{14252F2A-C418-4679-B643-353DC2992480}.Debug|Any CPU.Build.0 = Debug|Any CPU
		{14252F2A-C418-4679-B643-353DC2992480}.Release|Any CPU.ActiveCfg = Release|Any CPU
		{14252F2A-C418-4679-B643-353DC2992480}.Release|Any CPU.Build.0 = Release|Any CPU
		{8147151B-E641-45C2-8BA9-D1657BD02DAD}.Debug|Any CPU.ActiveCfg = Debug|Any CPU
		{8147151B-E641-45C2-8BA9-D1657BD02DAD}.Debug|Any CPU.Build.0 = Debug|Any CPU
		{8147151B-E641-45C2-8BA9-D1657BD02DAD}.Release|Any CPU.ActiveCfg = Release|Any CPU
		{8147151B-E641-45C2-8BA9-D1657BD02DAD}.Release|Any CPU.Build.0 = Release|Any CPU
	EndGlobalSection
	GlobalSection(SolutionProperties) = preSolution
		HideSolutionNode = FALSE
	EndGlobalSection
	GlobalSection(ExtensibilityGlobals) = postSolution
		SolutionGuid = {A297C5B8-8957-4CD5-ACFA-F040AADDF196}
	EndGlobalSection
EndGlobal
